<?xml version="1.0" encoding="utf-8"?>
<Project ToolsVersion="4.0" xmlns="http://schemas.microsoft.com/developer/msbuild/2003">
  <ItemGroup>
    <Filter Include="Source Files">
      <UniqueIdentifier>{4FC737F1-C7A5-4376-A066-2A32D752A2FF}</UniqueIdentifier>
      <Extensions>cpp;c;cc;cxx;def;odl;idl;hpj;bat;asm;asmx</Extensions>
    </Filter>
    <Filter Include="Header Files">
      <UniqueIdentifier>{93995380-89BD-4b04-88EB-625FBE52EBFB}</UniqueIdentifier>
      <Extensions>h;hpp;hxx;hm;inl;inc;xsd</Extensions>
    </Filter>
    <Filter Include="Resource Files">
      <UniqueIdentifier>{67DA6AB6-F800-4c08-8B7A-83BB121AAD01}</UniqueIdentifier>
      <Extensions>rc;ico;cur;bmp;dlg;rc2;rct;bin;rgs;gif;jpg;jpeg;jpe;resx;tiff;tif;png;wav;mfcribbon-ms</Extensions>
    </Filter>
    <Filter Include="Source Files\3rdParty">
      <UniqueIdentifier>{1f8da56f-b2a9-406e-b1e3-cee61804d200}</UniqueIdentifier>
    </Filter>
    <Filter Include="Source Files\3rdParty\tiff-3.9.4">
      <UniqueIdentifier>{d4d9704d-8bde-4631-b35b-317289d32564}</UniqueIdentifier>
    </Filter>
    <Filter Include="Source Files\Writer">
      <UniqueIdentifier>{69d09da3-ba4b-4ebe-8f8c-88197cc4e12e}</UniqueIdentifier>
    </Filter>
    <Filter Include="Source Files\Data">
      <UniqueIdentifier>{8e7b8c2d-f611-4004-b89d-037bb59490e3}</UniqueIdentifier>
    </Filter>
    <Filter Include="Source Files\tracer">
      <UniqueIdentifier>{eb127cfe-4d2a-4579-82b1-735e593cbabf}</UniqueIdentifier>
    </Filter>
    <Filter Include="Source Files\Math">
      <UniqueIdentifier>{d3438454-3873-4a6f-97b8-3c9a0b6f1a18}</UniqueIdentifier>
    </Filter>
    <Filter Include="Source Files\Shape">
      <UniqueIdentifier>{5e071e8e-e07d-4330-a3db-b0253a3cd9d9}</UniqueIdentifier>
    </Filter>
    <Filter Include="Source Files\Mat">
      <UniqueIdentifier>{09b3eeba-3409-4eba-a0de-fa411d88e03d}</UniqueIdentifier>
    </Filter>
  </ItemGroup>
  <ItemGroup>
    <ClCompile Include="..\..\src\3rdParty\tiff-3.9.4\mkg3states.c">
      <Filter>Source Files\3rdParty\tiff-3.9.4</Filter>
    </ClCompile>
    <ClCompile Include="..\..\src\3rdParty\tiff-3.9.4\tif_aux.c">
      <Filter>Source Files\3rdParty\tiff-3.9.4</Filter>
    </ClCompile>
    <ClCompile Include="..\..\src\3rdParty\tiff-3.9.4\tif_close.c">
      <Filter>Source Files\3rdParty\tiff-3.9.4</Filter>
    </ClCompile>
    <ClCompile Include="..\..\src\3rdParty\tiff-3.9.4\tif_codec.c">
      <Filter>Source Files\3rdParty\tiff-3.9.4</Filter>
    </ClCompile>
    <ClCompile Include="..\..\src\3rdParty\tiff-3.9.4\tif_color.c">
      <Filter>Source Files\3rdParty\tiff-3.9.4</Filter>
    </ClCompile>
    <ClCompile Include="..\..\src\3rdParty\tiff-3.9.4\tif_compress.c">
      <Filter>Source Files\3rdParty\tiff-3.9.4</Filter>
    </ClCompile>
    <ClCompile Include="..\..\src\3rdParty\tiff-3.9.4\tif_dir.c">
      <Filter>Source Files\3rdParty\tiff-3.9.4</Filter>
    </ClCompile>
    <ClCompile Include="..\..\src\3rdParty\tiff-3.9.4\tif_dirinfo.c">
      <Filter>Source Files\3rdParty\tiff-3.9.4</Filter>
    </ClCompile>
    <ClCompile Include="..\..\src\3rdParty\tiff-3.9.4\tif_dirread.c">
      <Filter>Source Files\3rdParty\tiff-3.9.4</Filter>
    </ClCompile>
    <ClCompile Include="..\..\src\3rdParty\tiff-3.9.4\tif_dirwrite.c">
      <Filter>Source Files\3rdParty\tiff-3.9.4</Filter>
    </ClCompile>
    <ClCompile Include="..\..\src\3rdParty\tiff-3.9.4\tif_dumpmode.c">
      <Filter>Source Files\3rdParty\tiff-3.9.4</Filter>
    </ClCompile>
    <ClCompile Include="..\..\src\3rdParty\tiff-3.9.4\tif_error.c">
      <Filter>Source Files\3rdParty\tiff-3.9.4</Filter>
    </ClCompile>
    <ClCompile Include="..\..\src\3rdParty\tiff-3.9.4\tif_extension.c">
      <Filter>Source Files\3rdParty\tiff-3.9.4</Filter>
    </ClCompile>
    <ClCompile Include="..\..\src\3rdParty\tiff-3.9.4\tif_fax3.c">
      <Filter>Source Files\3rdParty\tiff-3.9.4</Filter>
    </ClCompile>
    <ClCompile Include="..\..\src\3rdParty\tiff-3.9.4\tif_fax3sm.c">
      <Filter>Source Files\3rdParty\tiff-3.9.4</Filter>
    </ClCompile>
    <ClCompile Include="..\..\src\3rdParty\tiff-3.9.4\tif_flush.c">
      <Filter>Source Files\3rdParty\tiff-3.9.4</Filter>
    </ClCompile>
    <ClCompile Include="..\..\src\3rdParty\tiff-3.9.4\tif_getimage.c">
      <Filter>Source Files\3rdParty\tiff-3.9.4</Filter>
    </ClCompile>
    <ClCompile Include="..\..\src\3rdParty\tiff-3.9.4\tif_jbig.c">
      <Filter>Source Files\3rdParty\tiff-3.9.4</Filter>
    </ClCompile>
    <ClCompile Include="..\..\src\3rdParty\tiff-3.9.4\tif_jpeg.c">
      <Filter>Source Files\3rdParty\tiff-3.9.4</Filter>
    </ClCompile>
    <ClCompile Include="..\..\src\3rdParty\tiff-3.9.4\tif_luv.c">
      <Filter>Source Files\3rdParty\tiff-3.9.4</Filter>
    </ClCompile>
    <ClCompile Include="..\..\src\3rdParty\tiff-3.9.4\tif_lzw.c">
      <Filter>Source Files\3rdParty\tiff-3.9.4</Filter>
    </ClCompile>
    <ClCompile Include="..\..\src\3rdParty\tiff-3.9.4\tif_next.c">
      <Filter>Source Files\3rdParty\tiff-3.9.4</Filter>
    </ClCompile>
    <ClCompile Include="..\..\src\3rdParty\tiff-3.9.4\tif_ojpeg.c">
      <Filter>Source Files\3rdParty\tiff-3.9.4</Filter>
    </ClCompile>
    <ClCompile Include="..\..\src\3rdParty\tiff-3.9.4\tif_open.c">
      <Filter>Source Files\3rdParty\tiff-3.9.4</Filter>
    </ClCompile>
    <ClCompile Include="..\..\src\3rdParty\tiff-3.9.4\tif_packbits.c">
      <Filter>Source Files\3rdParty\tiff-3.9.4</Filter>
    </ClCompile>
    <ClCompile Include="..\..\src\3rdParty\tiff-3.9.4\tif_pixarlog.c">
      <Filter>Source Files\3rdParty\tiff-3.9.4</Filter>
    </ClCompile>
    <ClCompile Include="..\..\src\3rdParty\tiff-3.9.4\tif_predict.c">
      <Filter>Source Files\3rdParty\tiff-3.9.4</Filter>
    </ClCompile>
    <ClCompile Include="..\..\src\3rdParty\tiff-3.9.4\tif_print.c">
      <Filter>Source Files\3rdParty\tiff-3.9.4</Filter>
    </ClCompile>
    <ClCompile Include="..\..\src\3rdParty\tiff-3.9.4\tif_read.c">
      <Filter>Source Files\3rdParty\tiff-3.9.4</Filter>
    </ClCompile>
    <ClCompile Include="..\..\src\3rdParty\tiff-3.9.4\tif_stream.cxx">
      <Filter>Source Files\3rdParty\tiff-3.9.4</Filter>
    </ClCompile>
    <ClCompile Include="..\..\src\3rdParty\tiff-3.9.4\tif_strip.c">
      <Filter>Source Files\3rdParty\tiff-3.9.4</Filter>
    </ClCompile>
    <ClCompile Include="..\..\src\3rdParty\tiff-3.9.4\tif_swab.c">
      <Filter>Source Files\3rdParty\tiff-3.9.4</Filter>
    </ClCompile>
    <ClCompile Include="..\..\src\3rdParty\tiff-3.9.4\tif_thunder.c">
      <Filter>Source Files\3rdParty\tiff-3.9.4</Filter>
    </ClCompile>
    <ClCompile Include="..\..\src\3rdParty\tiff-3.9.4\tif_tile.c">
      <Filter>Source Files\3rdParty\tiff-3.9.4</Filter>
    </ClCompile>
    <ClCompile Include="..\..\src\3rdParty\tiff-3.9.4\tif_version.c">
      <Filter>Source Files\3rdParty\tiff-3.9.4</Filter>
    </ClCompile>
    <ClCompile Include="..\..\src\3rdParty\tiff-3.9.4\tif_warning.c">
      <Filter>Source Files\3rdParty\tiff-3.9.4</Filter>
    </ClCompile>
    <ClCompile Include="..\..\src\3rdParty\tiff-3.9.4\tif_win32.c">
      <Filter>Source Files\3rdParty\tiff-3.9.4</Filter>
    </ClCompile>
    <ClCompile Include="..\..\src\3rdParty\tiff-3.9.4\tif_write.c">
      <Filter>Source Files\3rdParty\tiff-3.9.4</Filter>
    </ClCompile>
    <ClCompile Include="..\..\src\3rdParty\tiff-3.9.4\tif_zip.c">
      <Filter>Source Files\3rdParty\tiff-3.9.4</Filter>
    </ClCompile>
    <ClCompile Include="..\..\src\Data\image.hpp">
      <Filter>Source Files\Data</Filter>
    </ClCompile>
    <ClCompile Include="..\..\src\Data\image.cpp">
      <Filter>Source Files\Data</Filter>
    </ClCompile>
    <ClCompile Include="..\..\src\Writer\tiffWriter.cpp">
      <Filter>Source Files\Writer</Filter>
    </ClCompile>
    <ClCompile Include="..\..\src\Writer\imageWriter.cpp">
      <Filter>Source Files\Writer</Filter>
    </ClCompile>
    <ClCompile Include="..\..\src\test.hpp">
      <Filter>Source Files</Filter>
    </ClCompile>
    <ClCompile Include="..\..\src\Shape\shape.cpp">
      <Filter>Source Files\Shape</Filter>
    </ClCompile>
    <ClCompile Include="..\..\src\Shape\sphere.cpp">
      <Filter>Source Files\Shape</Filter>
    </ClCompile>
    <ClCompile Include="..\..\src\Math\Math.hpp">
      <Filter>Source Files\Math</Filter>
    </ClCompile>
    <ClCompile Include="..\..\src\Math\Math.cpp">
      <Filter>Source Files\Math</Filter>
    </ClCompile>
    <ClCompile Include="..\..\src\Tracer\pathTracer.cpp">
      <Filter>Source Files\tracer</Filter>
    </ClCompile>
  </ItemGroup>
  <ItemGroup>
    <ClInclude Include="..\..\src\3rdParty\tiff-3.9.4\uvcode.h">
      <Filter>Source Files\3rdParty\tiff-3.9.4</Filter>
    </ClInclude>
    <ClInclude Include="..\..\src\3rdParty\tiff-3.9.4\t4.h">
      <Filter>Source Files\3rdParty\tiff-3.9.4</Filter>
    </ClInclude>
    <ClInclude Include="..\..\src\3rdParty\tiff-3.9.4\tif_config.h">
      <Filter>Source Files\3rdParty\tiff-3.9.4</Filter>
    </ClInclude>
    <ClInclude Include="..\..\src\3rdParty\tiff-3.9.4\tif_config.vc.h">
      <Filter>Source Files\3rdParty\tiff-3.9.4</Filter>
    </ClInclude>
    <ClInclude Include="..\..\src\3rdParty\tiff-3.9.4\tif_config.wince.h">
      <Filter>Source Files\3rdParty\tiff-3.9.4</Filter>
    </ClInclude>
    <ClInclude Include="..\..\src\3rdParty\tiff-3.9.4\tif_dir.h">
      <Filter>Source Files\3rdParty\tiff-3.9.4</Filter>
    </ClInclude>
    <ClInclude Include="..\..\src\3rdParty\tiff-3.9.4\tif_fax3.h">
      <Filter>Source Files\3rdParty\tiff-3.9.4</Filter>
    </ClInclude>
    <ClInclude Include="..\..\src\3rdParty\tiff-3.9.4\tif_predict.h">
      <Filter>Source Files\3rdParty\tiff-3.9.4</Filter>
    </ClInclude>
    <ClInclude Include="..\..\src\3rdParty\tiff-3.9.4\tiff.h">
      <Filter>Source Files\3rdParty\tiff-3.9.4</Filter>
    </ClInclude>
    <ClInclude Include="..\..\src\3rdParty\tiff-3.9.4\tiffconf.h">
      <Filter>Source Files\3rdParty\tiff-3.9.4</Filter>
    </ClInclude>
    <ClInclude Include="..\..\src\3rdParty\tiff-3.9.4\tiffconf.vc.h">
      <Filter>Source Files\3rdParty\tiff-3.9.4</Filter>
    </ClInclude>
    <ClInclude Include="..\..\src\3rdParty\tiff-3.9.4\tiffconf.wince.h">
      <Filter>Source Files\3rdParty\tiff-3.9.4</Filter>
    </ClInclude>
    <ClInclude Include="..\..\src\3rdParty\tiff-3.9.4\tiffio.h">
      <Filter>Source Files\3rdParty\tiff-3.9.4</Filter>
    </ClInclude>
    <ClInclude Include="..\..\src\3rdParty\tiff-3.9.4\tiffio.hxx">
      <Filter>Source Files\3rdParty\tiff-3.9.4</Filter>
    </ClInclude>
    <ClInclude Include="..\..\src\3rdParty\tiff-3.9.4\tiffiop.h">
      <Filter>Source Files\3rdParty\tiff-3.9.4</Filter>
    </ClInclude>
    <ClInclude Include="..\..\src\3rdParty\tiff-3.9.4\tiffvers.h">
      <Filter>Source Files\3rdParty\tiff-3.9.4</Filter>
    </ClInclude>
    <ClInclude Include="..\..\src\common.h">
      <Filter>Source Files</Filter>
    </ClInclude>
    <ClInclude Include="..\..\src\Writer\tiffWriter.h">
      <Filter>Source Files\Writer</Filter>
    </ClInclude>
    <ClInclude Include="..\..\src\Writer\imageWriter.hpp">
      <Filter>Source Files\Writer</Filter>
    </ClInclude>
    <ClInclude Include="..\..\src\Mat\Mat.h">
      <Filter>Source Files\Mat</Filter>
    </ClInclude>
    <ClInclude Include="..\..\src\Mat\Mat.cpp">
      <Filter>Source Files\Mat</Filter>
    </ClInclude>
    <ClInclude Include="..\..\src\Shape\shape.hpp">
      <Filter>Source Files\Shape</Filter>
    </ClInclude>
    <ClInclude Include="..\..\src\Shape\sphere.hpp">
      <Filter>Source Files\Shape</Filter>
    </ClInclude>
    <ClInclude Include="..\..\src\Tracer\pathTracer.hpp">
      <Filter>Source Files\tracer</Filter>
    </ClInclude>
  </ItemGroup>
</Project>