// !$*UTF8*$!
{
	archiveVersion = 1;
	classes = {
	};
	objectVersion = 46;
	objects = {

/* Begin PBXBuildFile section */
		002F39FA09D0881F00EBEB88 /* SDL.framework in Frameworks */ = {isa = PBXBuildFile; fileRef = 002F39F909D0881F00EBEB88 /* SDL.framework */; };
		002F3A0009D0884600EBEB88 /* SDL.framework in Copy Frameworks into .app bundle */ = {isa = PBXBuildFile; fileRef = 002F39F909D0881F00EBEB88 /* SDL.framework */; };
		002F3A3F09D088BA00EBEB88 /* main.cpp in Sources */ = {isa = PBXBuildFile; fileRef = 002F3A3E09D088BA00EBEB88 /* main.cpp */; };
		1B1F40EB1653BE0F00E09AD9 /* SDLMain.mm in Sources */ = {isa = PBXBuildFile; fileRef = 1B1F40EA1653BE0F00E09AD9 /* SDLMain.mm */; };
		1B2E54E116549B5000D55005 /* areaLight.cpp in Sources */ = {isa = PBXBuildFile; fileRef = 1B2E54DF16549B5000D55005 /* areaLight.cpp */; };
		1B2E54E416549B5D00D55005 /* CApp.cpp in Sources */ = {isa = PBXBuildFile; fileRef = 1B2E54E216549B5D00D55005 /* CApp.cpp */; };
		1B2E54FA16549B9000D55005 /* light.cpp in Sources */ = {isa = PBXBuildFile; fileRef = 1B2E54E616549B9000D55005 /* light.cpp */; };
		1B2E54FC16549B9000D55005 /* pathTracerSplitted.cpp in Sources */ = {isa = PBXBuildFile; fileRef = 1B2E54EB16549B9000D55005 /* pathTracerSplitted.cpp */; };
		1B2E54FD16549B9000D55005 /* persp.cpp in Sources */ = {isa = PBXBuildFile; fileRef = 1B2E54ED16549B9000D55005 /* persp.cpp */; };
		1B2E54FE16549B9000D55005 /* plane.cpp in Sources */ = {isa = PBXBuildFile; fileRef = 1B2E54EF16549B9000D55005 /* plane.cpp */; };
		1B2E54FF16549B9000D55005 /* shape.cpp in Sources */ = {isa = PBXBuildFile; fileRef = 1B2E54F216549B9000D55005 /* shape.cpp */; };
		1B2E550016549B9000D55005 /* sphere.cpp in Sources */ = {isa = PBXBuildFile; fileRef = 1B2E54F416549B9000D55005 /* sphere.cpp */; };
		1B2E550116549B9000D55005 /* sphereLight.cpp in Sources */ = {isa = PBXBuildFile; fileRef = 1B2E54F616549B9000D55005 /* sphereLight.cpp */; };
		1B2E550216549B9000D55005 /* triangle.cpp in Sources */ = {isa = PBXBuildFile; fileRef = 1B2E54F816549B9000D55005 /* triangle.cpp */; };
		1B3D0EE116688C2D007EDCA1 /* ImgWriter.cpp in Sources */ = {isa = PBXBuildFile; fileRef = 1B3D0EDF16688C2D007EDCA1 /* ImgWriter.cpp */; };
		1B3D0EE41668A570007EDCA1 /* libjpeg.a in Frameworks */ = {isa = PBXBuildFile; fileRef = 1B3D0EE31668A570007EDCA1 /* libjpeg.a */; };
		1BBE640716574B2F007B149A /* blockManager.cpp in Sources */ = {isa = PBXBuildFile; fileRef = 1BBE640616574B2F007B149A /* blockManager.cpp */; };
		1BBE640A16574DCE007B149A /* worker.cpp in Sources */ = {isa = PBXBuildFile; fileRef = 1BBE640916574DCE007B149A /* worker.cpp */; };
		8D11072B0486CEB800E47090 /* InfoPlist.strings in Resources */ = {isa = PBXBuildFile; fileRef = 089C165CFE840E0CC02AAC07 /* InfoPlist.strings */; };
		8D11072F0486CEB800E47090 /* Cocoa.framework in Frameworks */ = {isa = PBXBuildFile; fileRef = 1058C7A1FEA54F0111CA2CBB /* Cocoa.framework */; };
/* End PBXBuildFile section */

/* Begin PBXCopyFilesBuildPhase section */
		002F39FD09D0883400EBEB88 /* Copy Frameworks into .app bundle */ = {
			isa = PBXCopyFilesBuildPhase;
			buildActionMask = 2147483647;
			dstPath = "";
			dstSubfolderSpec = 10;
			files = (
				002F3A0009D0884600EBEB88 /* SDL.framework in Copy Frameworks into .app bundle */,
			);
			name = "Copy Frameworks into .app bundle";
			runOnlyForDeploymentPostprocessing = 0;
		};
/* End PBXCopyFilesBuildPhase section */

/* Begin PBXFileReference section */
		002F39F909D0881F00EBEB88 /* SDL.framework */ = {isa = PBXFileReference; lastKnownFileType = wrapper.framework; name = SDL.framework; path = /Library/Frameworks/SDL.framework; sourceTree = "<absolute>"; };
		002F3A3E09D088BA00EBEB88 /* main.cpp */ = {isa = PBXFileReference; fileEncoding = 4; lastKnownFileType = sourcecode.cpp.cpp; path = main.cpp; sourceTree = SOURCE_ROOT; };
		089C165DFE840E0CC02AAC07 /* English */ = {isa = PBXFileReference; fileEncoding = 10; lastKnownFileType = text.plist.strings; name = English; path = English.lproj/InfoPlist.strings; sourceTree = "<group>"; };
		1058C7A1FEA54F0111CA2CBB /* Cocoa.framework */ = {isa = PBXFileReference; lastKnownFileType = wrapper.framework; name = Cocoa.framework; path = /System/Library/Frameworks/Cocoa.framework; sourceTree = "<absolute>"; };
		1B1F40E91653BE0F00E09AD9 /* SDLMain.h */ = {isa = PBXFileReference; fileEncoding = 4; lastKnownFileType = sourcecode.c.h; path = SDLMain.h; sourceTree = "<group>"; };
		1B1F40EA1653BE0F00E09AD9 /* SDLMain.mm */ = {isa = PBXFileReference; fileEncoding = 4; lastKnownFileType = sourcecode.cpp.objcpp; path = SDLMain.mm; sourceTree = "<group>"; };
		1B2E54DF16549B5000D55005 /* areaLight.cpp */ = {isa = PBXFileReference; fileEncoding = 4; lastKnownFileType = sourcecode.cpp.cpp; name = areaLight.cpp; path = ../linuxVersion/areaLight.cpp; sourceTree = "<group>"; };
		1B2E54E016549B5000D55005 /* areaLight.hpp */ = {isa = PBXFileReference; fileEncoding = 4; lastKnownFileType = sourcecode.cpp.h; name = areaLight.hpp; path = ../linuxVersion/areaLight.hpp; sourceTree = "<group>"; };
		1B2E54E216549B5D00D55005 /* CApp.cpp */ = {isa = PBXFileReference; fileEncoding = 4; lastKnownFileType = sourcecode.cpp.cpp; name = CApp.cpp; path = ../linuxVersion/CApp.cpp; sourceTree = "<group>"; };
		1B2E54E316549B5D00D55005 /* CApp.h */ = {isa = PBXFileReference; fileEncoding = 4; lastKnownFileType = sourcecode.c.h; name = CApp.h; path = ../linuxVersion/CApp.h; sourceTree = "<group>"; };
		1B2E54E516549B9000D55005 /* common.h */ = {isa = PBXFileReference; fileEncoding = 4; lastKnownFileType = sourcecode.c.h; name = common.h; path = ../linuxVersion/common.h; sourceTree = SOURCE_ROOT; };
		1B2E54E616549B9000D55005 /* light.cpp */ = {isa = PBXFileReference; fileEncoding = 4; lastKnownFileType = sourcecode.cpp.cpp; name = light.cpp; path = ../linuxVersion/light.cpp; sourceTree = "<group>"; };
		1B2E54E716549B9000D55005 /* light.hpp */ = {isa = PBXFileReference; fileEncoding = 4; lastKnownFileType = sourcecode.cpp.h; name = light.hpp; path = ../linuxVersion/light.hpp; sourceTree = "<group>"; };
		1B2E54E916549B9000D55005 /* Mat.h */ = {isa = PBXFileReference; fileEncoding = 4; lastKnownFileType = sourcecode.c.h; name = Mat.h; path = ../linuxVersion/Mat.h; sourceTree = "<group>"; };
		1B2E54EA16549B9000D55005 /* Math.hpp */ = {isa = PBXFileReference; fileEncoding = 4; lastKnownFileType = sourcecode.cpp.h; name = Math.hpp; path = ../linuxVersion/Math.hpp; sourceTree = "<group>"; };
		1B2E54EB16549B9000D55005 /* pathTracerSplitted.cpp */ = {isa = PBXFileReference; fileEncoding = 4; lastKnownFileType = sourcecode.cpp.cpp; name = pathTracerSplitted.cpp; path = ../linuxVersion/pathTracerSplitted.cpp; sourceTree = "<group>"; };
		1B2E54EC16549B9000D55005 /* pathTracerSplitted.hpp */ = {isa = PBXFileReference; fileEncoding = 4; lastKnownFileType = sourcecode.cpp.h; name = pathTracerSplitted.hpp; path = ../linuxVersion/pathTracerSplitted.hpp; sourceTree = "<group>"; };
		1B2E54ED16549B9000D55005 /* persp.cpp */ = {isa = PBXFileReference; fileEncoding = 4; lastKnownFileType = sourcecode.cpp.cpp; name = persp.cpp; path = ../linuxVersion/persp.cpp; sourceTree = "<group>"; };
		1B2E54EE16549B9000D55005 /* persp.hpp */ = {isa = PBXFileReference; fileEncoding = 4; lastKnownFileType = sourcecode.cpp.h; name = persp.hpp; path = ../linuxVersion/persp.hpp; sourceTree = "<group>"; };
		1B2E54EF16549B9000D55005 /* plane.cpp */ = {isa = PBXFileReference; fileEncoding = 4; lastKnownFileType = sourcecode.cpp.cpp; name = plane.cpp; path = ../linuxVersion/plane.cpp; sourceTree = "<group>"; };
		1B2E54F016549B9000D55005 /* plane.hpp */ = {isa = PBXFileReference; fileEncoding = 4; lastKnownFileType = sourcecode.cpp.h; name = plane.hpp; path = ../linuxVersion/plane.hpp; sourceTree = "<group>"; };
		1B2E54F116549B9000D55005 /* SDLHelper.hpp */ = {isa = PBXFileReference; fileEncoding = 4; lastKnownFileType = sourcecode.cpp.h; name = SDLHelper.hpp; path = ../linuxVersion/SDLHelper.hpp; sourceTree = "<group>"; };
		1B2E54F216549B9000D55005 /* shape.cpp */ = {isa = PBXFileReference; fileEncoding = 4; lastKnownFileType = sourcecode.cpp.cpp; name = shape.cpp; path = ../linuxVersion/shape.cpp; sourceTree = "<group>"; };
		1B2E54F316549B9000D55005 /* shape.hpp */ = {isa = PBXFileReference; fileEncoding = 4; lastKnownFileType = sourcecode.cpp.h; name = shape.hpp; path = ../linuxVersion/shape.hpp; sourceTree = "<group>"; };
		1B2E54F416549B9000D55005 /* sphere.cpp */ = {isa = PBXFileReference; fileEncoding = 4; lastKnownFileType = sourcecode.cpp.cpp; name = sphere.cpp; path = ../linuxVersion/sphere.cpp; sourceTree = "<group>"; };
		1B2E54F516549B9000D55005 /* sphere.hpp */ = {isa = PBXFileReference; fileEncoding = 4; lastKnownFileType = sourcecode.cpp.h; name = sphere.hpp; path = ../linuxVersion/sphere.hpp; sourceTree = "<group>"; };
		1B2E54F616549B9000D55005 /* sphereLight.cpp */ = {isa = PBXFileReference; fileEncoding = 4; lastKnownFileType = sourcecode.cpp.cpp; name = sphereLight.cpp; path = ../linuxVersion/sphereLight.cpp; sourceTree = "<group>"; };
		1B2E54F716549B9000D55005 /* sphereLight.hpp */ = {isa = PBXFileReference; fileEncoding = 4; lastKnownFileType = sourcecode.cpp.h; name = sphereLight.hpp; path = ../linuxVersion/sphereLight.hpp; sourceTree = "<group>"; };
		1B2E54F816549B9000D55005 /* triangle.cpp */ = {isa = PBXFileReference; fileEncoding = 4; lastKnownFileType = sourcecode.cpp.cpp; name = triangle.cpp; path = ../linuxVersion/triangle.cpp; sourceTree = "<group>"; };
		1B2E54F916549B9000D55005 /* triangle.hpp */ = {isa = PBXFileReference; fileEncoding = 4; lastKnownFileType = sourcecode.cpp.h; name = triangle.hpp; path = ../linuxVersion/triangle.hpp; sourceTree = "<group>"; };
		1B3D0EDF16688C2D007EDCA1 /* ImgWriter.cpp */ = {isa = PBXFileReference; fileEncoding = 4; lastKnownFileType = sourcecode.cpp.cpp; name = ImgWriter.cpp; path = ../ImgWriter/ImgWriter.cpp; sourceTree = "<group>"; };
		1B3D0EE016688C2D007EDCA1 /* ImgWriter.hpp */ = {isa = PBXFileReference; fileEncoding = 4; lastKnownFileType = sourcecode.cpp.h; name = ImgWriter.hpp; path = ../ImgWriter/ImgWriter.hpp; sourceTree = "<group>"; };
		1B3D0EE31668A570007EDCA1 /* libjpeg.a */ = {isa = PBXFileReference; lastKnownFileType = archive.ar; name = libjpeg.a; path = ../lib/libjpeg.a; sourceTree = "<group>"; };
		1B3D0EE61668A5F7007EDCA1 /* jpeg_buffer.h */ = {isa = PBXFileReference; fileEncoding = 4; lastKnownFileType = sourcecode.c.h; name = jpeg_buffer.h; path = ../ImgWriter/plugins/jpeg_buffer.h; sourceTree = "<group>"; };
		1B3D0EE71668A632007EDCA1 /* CImg.h */ = {isa = PBXFileReference; fileEncoding = 4; lastKnownFileType = sourcecode.c.h; name = CImg.h; path = ../ImgWriter/CImg.h; sourceTree = "<group>"; };
		1BBE640416574B11007B149A /* blockManager.hpp */ = {isa = PBXFileReference; lastKnownFileType = sourcecode.cpp.h; name = blockManager.hpp; path = ../linuxVersion/blockManager.hpp; sourceTree = "<group>"; };
		1BBE640616574B2F007B149A /* blockManager.cpp */ = {isa = PBXFileReference; fileEncoding = 4; lastKnownFileType = sourcecode.cpp.cpp; name = blockManager.cpp; path = ../linuxVersion/blockManager.cpp; sourceTree = "<group>"; };
		1BBE640816574DB9007B149A /* worker.hpp */ = {isa = PBXFileReference; lastKnownFileType = sourcecode.cpp.h; name = worker.hpp; path = ../linuxVersion/worker.hpp; sourceTree = "<group>"; };
		1BBE640916574DCE007B149A /* worker.cpp */ = {isa = PBXFileReference; fileEncoding = 4; lastKnownFileType = sourcecode.cpp.cpp; name = worker.cpp; path = ../linuxVersion/worker.cpp; sourceTree = "<group>"; };
		29B97324FDCFA39411CA2CEA /* AppKit.framework */ = {isa = PBXFileReference; lastKnownFileType = wrapper.framework; name = AppKit.framework; path = /System/Library/Frameworks/AppKit.framework; sourceTree = "<absolute>"; };
		29B97325FDCFA39411CA2CEA /* Foundation.framework */ = {isa = PBXFileReference; lastKnownFileType = wrapper.framework; name = Foundation.framework; path = /System/Library/Frameworks/Foundation.framework; sourceTree = "<absolute>"; };
		32CA4F630368D1EE00C91783 /* ___PROJECTNAME____Prefix.pch */ = {isa = PBXFileReference; fileEncoding = 4; lastKnownFileType = sourcecode.c.h; path = "___PROJECTNAME____Prefix.pch"; sourceTree = "<group>"; };
		8D1107310486CEB800E47090 /* Info.plist */ = {isa = PBXFileReference; fileEncoding = 4; lastKnownFileType = text.plist; path = Info.plist; sourceTree = "<group>"; };
		8D1107320486CEB800E47090 /* ___PROJECTNAME___.app */ = {isa = PBXFileReference; explicitFileType = wrapper.application; includeInIndex = 0; path = "___PROJECTNAME___.app"; sourceTree = BUILT_PRODUCTS_DIR; };
/* End PBXFileReference section */

/* Begin PBXFrameworksBuildPhase section */
		8D11072E0486CEB800E47090 /* Frameworks */ = {
			isa = PBXFrameworksBuildPhase;
			buildActionMask = 2147483647;
			files = (
				1B3D0EE41668A570007EDCA1 /* libjpeg.a in Frameworks */,
				002F39FA09D0881F00EBEB88 /* SDL.framework in Frameworks */,
				8D11072F0486CEB800E47090 /* Cocoa.framework in Frameworks */,
			);
			runOnlyForDeploymentPostprocessing = 0;
		};
/* End PBXFrameworksBuildPhase section */

/* Begin PBXGroup section */
		1058C7A0FEA54F0111CA2CBB /* Linked Frameworks */ = {
			isa = PBXGroup;
			children = (
				002F39F909D0881F00EBEB88 /* SDL.framework */,
				1058C7A1FEA54F0111CA2CBB /* Cocoa.framework */,
			);
			name = "Linked Frameworks";
			sourceTree = "<group>";
		};
		1058C7A2FEA54F0111CA2CBB /* Other Frameworks */ = {
			isa = PBXGroup;
			children = (
				29B97324FDCFA39411CA2CEA /* AppKit.framework */,
				29B97325FDCFA39411CA2CEA /* Foundation.framework */,
			);
			name = "Other Frameworks";
			sourceTree = "<group>";
		};
		19C28FACFE9D520D11CA2CBB /* Products */ = {
			isa = PBXGroup;
			children = (
				8D1107320486CEB800E47090 /* ___PROJECTNAME___.app */,
			);
			name = Products;
			sourceTree = "<group>";
		};
		1B3D0EE51668A5DD007EDCA1 /* Writer */ = {
			isa = PBXGroup;
			children = (
				1B3D0EDF16688C2D007EDCA1 /* ImgWriter.cpp */,
				1B3D0EE016688C2D007EDCA1 /* ImgWriter.hpp */,
				1B3D0EE71668A632007EDCA1 /* CImg.h */,
				1B3D0EE61668A5F7007EDCA1 /* jpeg_buffer.h */,
			);
			name = Writer;
			sourceTree = "<group>";
		};
		29B97314FDCFA39411CA2CEA /* ___PROJECTNAMEASXML___ */ = {
			isa = PBXGroup;
			children = (
				1B3D0EE51668A5DD007EDCA1 /* Writer */,
				1B3D0EE31668A570007EDCA1 /* libjpeg.a */,
				1BBE640916574DCE007B149A /* worker.cpp */,
				1BBE640816574DB9007B149A /* worker.hpp */,
				1BBE640616574B2F007B149A /* blockManager.cpp */,
				1BBE640416574B11007B149A /* blockManager.hpp */,
				1B2E54E516549B9000D55005 /* common.h */,
				1B2E54E616549B9000D55005 /* light.cpp */,
				1B2E54E716549B9000D55005 /* light.hpp */,
				1B2E54E916549B9000D55005 /* Mat.h */,
				1B2E54EA16549B9000D55005 /* Math.hpp */,
				1B2E54EB16549B9000D55005 /* pathTracerSplitted.cpp */,
				1B2E54EC16549B9000D55005 /* pathTracerSplitted.hpp */,
				1B2E54ED16549B9000D55005 /* persp.cpp */,
				1B2E54EE16549B9000D55005 /* persp.hpp */,
				1B2E54EF16549B9000D55005 /* plane.cpp */,
				1B2E54F016549B9000D55005 /* plane.hpp */,
				1B2E54F116549B9000D55005 /* SDLHelper.hpp */,
				1B2E54F216549B9000D55005 /* shape.cpp */,
				1B2E54F316549B9000D55005 /* shape.hpp */,
				1B2E54F416549B9000D55005 /* sphere.cpp */,
				1B2E54F516549B9000D55005 /* sphere.hpp */,
				1B2E54F616549B9000D55005 /* sphereLight.cpp */,
				1B2E54F716549B9000D55005 /* sphereLight.hpp */,
				1B2E54F816549B9000D55005 /* triangle.cpp */,
				1B2E54F916549B9000D55005 /* triangle.hpp */,
				1B2E54E216549B5D00D55005 /* CApp.cpp */,
				1B2E54E316549B5D00D55005 /* CApp.h */,
				1B2E54DF16549B5000D55005 /* areaLight.cpp */,
				1B2E54E016549B5000D55005 /* areaLight.hpp */,
				1B1F40E91653BE0F00E09AD9 /* SDLMain.h */,
				1B1F40EA1653BE0F00E09AD9 /* SDLMain.mm */,
				29B97315FDCFA39411CA2CEA /* Other Sources */,
				29B97317FDCFA39411CA2CEA /* Resources */,
				29B97323FDCFA39411CA2CEA /* Frameworks */,
				19C28FACFE9D520D11CA2CBB /* Products */,
			);
			name = "___PROJECTNAMEASXML___";
			sourceTree = "<group>";
		};
		29B97315FDCFA39411CA2CEA /* Other Sources */ = {
			isa = PBXGroup;
			children = (
				32CA4F630368D1EE00C91783 /* ___PROJECTNAME____Prefix.pch */,
				002F3A3E09D088BA00EBEB88 /* main.cpp */,
			);
			name = "Other Sources";
			sourceTree = "<group>";
		};
		29B97317FDCFA39411CA2CEA /* Resources */ = {
			isa = PBXGroup;
			children = (
				8D1107310486CEB800E47090 /* Info.plist */,
				089C165CFE840E0CC02AAC07 /* InfoPlist.strings */,
			);
			name = Resources;
			sourceTree = "<group>";
		};
		29B97323FDCFA39411CA2CEA /* Frameworks */ = {
			isa = PBXGroup;
			children = (
				1058C7A0FEA54F0111CA2CBB /* Linked Frameworks */,
				1058C7A2FEA54F0111CA2CBB /* Other Frameworks */,
			);
			name = Frameworks;
			sourceTree = "<group>";
		};
/* End PBXGroup section */

/* Begin PBXNativeTarget section */
		8D1107260486CEB800E47090 /* ProjMeToo */ = {
			isa = PBXNativeTarget;
			buildConfigurationList = C01FCF4A08A954540054247B /* Build configuration list for PBXNativeTarget "ProjMeToo" */;
			buildPhases = (
				8D1107290486CEB800E47090 /* Resources */,
				8D11072C0486CEB800E47090 /* Sources */,
				8D11072E0486CEB800E47090 /* Frameworks */,
				002F39FD09D0883400EBEB88 /* Copy Frameworks into .app bundle */,
			);
			buildRules = (
			);
			dependencies = (
			);
			name = ProjMeToo;
			productInstallPath = "$(HOME)/Applications";
			productName = "___PROJECTNAME___";
			productReference = 8D1107320486CEB800E47090 /* ___PROJECTNAME___.app */;
			productType = "com.apple.product-type.application";
		};
/* End PBXNativeTarget section */

/* Begin PBXProject section */
		29B97313FDCFA39411CA2CEA /* Project object */ = {
			isa = PBXProject;
			attributes = {
				LastUpgradeCheck = 0440;
			};
			buildConfigurationList = C01FCF4E08A954540054247B /* Build configuration list for PBXProject "___PROJECTNAME___" */;
			compatibilityVersion = "Xcode 3.2";
			developmentRegion = English;
			hasScannedForEncodings = 1;
			knownRegions = (
				en,
			);
			mainGroup = 29B97314FDCFA39411CA2CEA /* ___PROJECTNAMEASXML___ */;
			projectDirPath = "";
			projectRoot = "";
			targets = (
				8D1107260486CEB800E47090 /* ProjMeToo */,
			);
		};
/* End PBXProject section */

/* Begin PBXResourcesBuildPhase section */
		8D1107290486CEB800E47090 /* Resources */ = {
			isa = PBXResourcesBuildPhase;
			buildActionMask = 2147483647;
			files = (
				8D11072B0486CEB800E47090 /* InfoPlist.strings in Resources */,
			);
			runOnlyForDeploymentPostprocessing = 0;
		};
/* End PBXResourcesBuildPhase section */

/* Begin PBXSourcesBuildPhase section */
		8D11072C0486CEB800E47090 /* Sources */ = {
			isa = PBXSourcesBuildPhase;
			buildActionMask = 2147483647;
			files = (
				002F3A3F09D088BA00EBEB88 /* main.cpp in Sources */,
				1B1F40EB1653BE0F00E09AD9 /* SDLMain.mm in Sources */,
				1B2E54E116549B5000D55005 /* areaLight.cpp in Sources */,
				1B2E54E416549B5D00D55005 /* CApp.cpp in Sources */,
				1B2E54FA16549B9000D55005 /* light.cpp in Sources */,
				1B2E54FC16549B9000D55005 /* pathTracerSplitted.cpp in Sources */,
				1B2E54FD16549B9000D55005 /* persp.cpp in Sources */,
				1B2E54FE16549B9000D55005 /* plane.cpp in Sources */,
				1B2E54FF16549B9000D55005 /* shape.cpp in Sources */,
				1B2E550016549B9000D55005 /* sphere.cpp in Sources */,
				1B2E550116549B9000D55005 /* sphereLight.cpp in Sources */,
				1B2E550216549B9000D55005 /* triangle.cpp in Sources */,
				1BBE640716574B2F007B149A /* blockManager.cpp in Sources */,
				1BBE640A16574DCE007B149A /* worker.cpp in Sources */,
				1B3D0EE116688C2D007EDCA1 /* ImgWriter.cpp in Sources */,
			);
			runOnlyForDeploymentPostprocessing = 0;
		};
/* End PBXSourcesBuildPhase section */

/* Begin PBXVariantGroup section */
		089C165CFE840E0CC02AAC07 /* InfoPlist.strings */ = {
			isa = PBXVariantGroup;
			children = (
				089C165DFE840E0CC02AAC07 /* English */,
			);
			name = InfoPlist.strings;
			sourceTree = "<group>";
		};
/* End PBXVariantGroup section */

/* Begin XCBuildConfiguration section */
		C01FCF4B08A954540054247B /* Debug */ = {
			isa = XCBuildConfiguration;
			buildSettings = {
				ARCHS = "$(ARCHS_STANDARD_64_BIT)";
				COMBINE_HIDPI_IMAGES = YES;
				COPY_PHASE_STRIP = NO;
				ENABLE_OPENMP_SUPPORT = YES;
				FRAMEWORK_SEARCH_PATHS = /Library/Frameworks;
				GCC_DYNAMIC_NO_PIC = NO;
				GCC_INPUT_FILETYPE = sourcecode.cpp.objcpp;
				GCC_MODEL_TUNING = G5;
				GCC_OPTIMIZATION_LEVEL = 3;
				GCC_PRECOMPILE_PREFIX_HEADER = YES;
				GCC_PREFIX_HEADER = "___PROJECTNAMEASIDENTIFIER____Prefix.pch";
				GCC_VERSION = com.apple.compilers.llvmgcc42;
				HEADER_SEARCH_PATHS = (
					"\"$(SRCROOT)/../ImgWriter\"",
					/Library/Frameworks/SDL.framework/Headers,
					/usr/X11R6/include,
					../linuxVersion,
					"../ImgWriter/jpeg-8c",
				);
				INFOPLIST_FILE = Info.plist;
				INSTALL_PATH = "$(HOME)/Applications";
				LIBRARY_SEARCH_PATHS = (
					/usr/X11/lib,
					"\"$(SRCROOT)/../lib\"",
				);
				ONLY_ACTIVE_ARCH = YES;
				OTHER_LDFLAGS = (
					"-lX11",
					"-lpthread",
					"-Dcimg_use_jpeg",
					"-ljpeg",
				);
				OTHER_TEST_FLAGS = "-Dcimg_use_jpeg -ljpeg -lX11 -lpthread";
				PRODUCT_NAME = "___PROJECTNAME___";
				VALID_ARCHS = x86_64;
				WRAPPER_EXTENSION = app;
			};
			name = Debug;
		};
		C01FCF4C08A954540054247B /* Release */ = {
			isa = XCBuildConfiguration;
			buildSettings = {
				ARCHS = "$(ARCHS_STANDARD_64_BIT)";
				COMBINE_HIDPI_IMAGES = YES;
				ENABLE_OPENMP_SUPPORT = YES;
				FRAMEWORK_SEARCH_PATHS = /Library/Frameworks;
				GCC_GENERATE_DEBUGGING_SYMBOLS = NO;
				GCC_INPUT_FILETYPE = sourcecode.cpp.objcpp;
				GCC_MODEL_TUNING = G5;
				GCC_PRECOMPILE_PREFIX_HEADER = YES;
				GCC_PREFIX_HEADER = "___PROJECTNAMEASIDENTIFIER____Prefix.pch";
				GCC_VERSION = com.apple.compilers.llvmgcc42;
				HEADER_SEARCH_PATHS = (
					"\"$(SRCROOT)/../ImgWriter\"",
					/Library/Frameworks/SDL.framework/Headers,
					/usr/X11R6/include,
					../linuxVersion,
					"../ImgWriter/jpeg-8c",
				);
				INFOPLIST_FILE = Info.plist;
				INSTALL_PATH = "$(HOME)/Applications";
				LIBRARY_SEARCH_PATHS = (
					/usr/X11/lib,
					"\"$(SRCROOT)/../lib\"",
				);
				ONLY_ACTIVE_ARCH = YES;
				OTHER_LDFLAGS = (
					"-lX11",
					"-lpthread",
					"-Dcimg_use_jpeg",
					"-ljpeg",
				);
				OTHER_TEST_FLAGS = "-Dcimg_use_jpeg -ljpeg -lX11 -lpthread";
				PRODUCT_NAME = "___PROJECTNAME___";
				VALID_ARCHS = x86_64;
				WRAPPER_EXTENSION = app;
			};
			name = Release;
		};
		C01FCF4F08A954540054247B /* Debug */ = {
			isa = XCBuildConfiguration;
			buildSettings = {
				ARCHS = "$(ARCHS_STANDARD_32_64_BIT)";
				FRAMEWORK_SEARCH_PATHS = (
					"$(HOME)/Library/Frameworks",
					/Library/Frameworks,
					"$(FRAMEWORK_SEARCH_PATHS)",
				);
				GCC_VERSION = com.apple.compilers.llvmgcc42;
				GCC_WARN_ABOUT_RETURN_TYPE = YES;
				GCC_WARN_UNUSED_VARIABLE = YES;
				HEADER_SEARCH_PATHS = (
					"$(HOME)/Library/Frameworks/SDL.framework/Headers",
					/Library/Frameworks/SDL.framework/Headers,
					"$(HEADER_SEARCH_PATHS)",
				);
				SDKROOT = macosx;
			};
			name = Debug;
		};
		C01FCF5008A954540054247B /* Release */ = {
			isa = XCBuildConfiguration;
			buildSettings = {
				ARCHS = "$(ARCHS_STANDARD_32_64_BIT)";
				FRAMEWORK_SEARCH_PATHS = (
					"$(HOME)/Library/Frameworks",
					/Library/Frameworks,
					"$(FRAMEWORK_SEARCH_PATHS)",
				);
				GCC_VERSION = com.apple.compilers.llvmgcc42;
				GCC_WARN_ABOUT_RETURN_TYPE = YES;
				GCC_WARN_UNUSED_VARIABLE = YES;
				HEADER_SEARCH_PATHS = (
					"$(HOME)/Library/Frameworks/SDL.framework/Headers",
					/Library/Frameworks/SDL.framework/Headers,
					"$(HEADER_SEARCH_PATHS)",
				);
				SDKROOT = macosx;
			};
			name = Release;
		};
/* End XCBuildConfiguration section */

/* Begin XCConfigurationList section */
		C01FCF4A08A954540054247B /* Build configuration list for PBXNativeTarget "ProjMeToo" */ = {
			isa = XCConfigurationList;
			buildConfigurations = (
				C01FCF4B08A954540054247B /* Debug */,
				C01FCF4C08A954540054247B /* Release */,
			);
			defaultConfigurationIsVisible = 0;
			defaultConfigurationName = Release;
		};
		C01FCF4E08A954540054247B /* Build configuration list for PBXProject "___PROJECTNAME___" */ = {
			isa = XCConfigurationList;
			buildConfigurations = (
				C01FCF4F08A954540054247B /* Debug */,
				C01FCF5008A954540054247B /* Release */,
			);
			defaultConfigurationIsVisible = 0;
			defaultConfigurationName = Release;
		};
/* End XCConfigurationList section */
	};
	rootObject = 29B97313FDCFA39411CA2CEA /* Project object */;
}
