<?xml version="1.0" encoding="utf-8"?>
<Project ToolsVersion="4.0" xmlns="http://schemas.microsoft.com/developer/msbuild/2003">
  <ItemGroup>
    <Filter Include="Source Files">
      <UniqueIdentifier>{4FC737F1-C7A5-4376-A066-2A32D752A2FF}</UniqueIdentifier>
      <Extensions>cpp;c;cc;cxx;def;odl;idl;hpj;bat;asm;asmx</Extensions>
    </Filter>
    <Filter Include="Header Files">
      <UniqueIdentifier>{93995380-89BD-4b04-88EB-625FBE52EBFB}</UniqueIdentifier>
      <Extensions>h;hpp;hxx;hm;inl;inc;xsd</Extensions>
    </Filter>
    <Filter Include="Resource Files">
      <UniqueIdentifier>{67DA6AB6-F800-4c08-8B7A-83BB121AAD01}</UniqueIdentifier>
      <Extensions>rc;ico;cur;bmp;dlg;rc2;rct;bin;rgs;gif;jpg;jpeg;jpe;resx;tiff;tif;png;wav;mfcribbon-ms</Extensions>
    </Filter>
  </ItemGroup>
  <ItemGroup>
    <None Include="ReadMe.txt" />
  </ItemGroup>
  <ItemGroup>
    <ClInclude Include="..\src\stdafx.h">
      <Filter>Header Files</Filter>
    </ClInclude>
    <ClInclude Include="..\src\targetver.h">
      <Filter>Header Files</Filter>
    </ClInclude>
    <ClInclude Include="..\linuxVersion\worker.hpp">
      <Filter>Source Files</Filter>
    </ClInclude>
    <ClInclude Include="..\linuxVersion\areaLight.hpp">
      <Filter>Source Files</Filter>
    </ClInclude>
    <ClInclude Include="..\linuxVersion\blockManager.hpp">
      <Filter>Source Files</Filter>
    </ClInclude>
    <ClInclude Include="..\linuxVersion\CApp.h">
      <Filter>Source Files</Filter>
    </ClInclude>
    <ClInclude Include="..\linuxVersion\common.h">
      <Filter>Source Files</Filter>
    </ClInclude>
    <ClInclude Include="..\linuxVersion\light.hpp">
      <Filter>Source Files</Filter>
    </ClInclude>
    <ClInclude Include="..\linuxVersion\Mat.h">
      <Filter>Source Files</Filter>
    </ClInclude>
    <ClInclude Include="..\linuxVersion\Math.hpp">
      <Filter>Source Files</Filter>
    </ClInclude>
    <ClInclude Include="..\linuxVersion\pathTracerSplitted.hpp">
      <Filter>Source Files</Filter>
    </ClInclude>
    <ClInclude Include="..\linuxVersion\persp.hpp">
      <Filter>Source Files</Filter>
    </ClInclude>
    <ClInclude Include="..\linuxVersion\plane.hpp">
      <Filter>Source Files</Filter>
    </ClInclude>
    <ClInclude Include="..\linuxVersion\SDLHelper.hpp">
      <Filter>Source Files</Filter>
    </ClInclude>
    <ClInclude Include="..\linuxVersion\shape.hpp">
      <Filter>Source Files</Filter>
    </ClInclude>
    <ClInclude Include="..\linuxVersion\sphere.hpp">
      <Filter>Source Files</Filter>
    </ClInclude>
    <ClInclude Include="..\linuxVersion\sphereLight.hpp">
      <Filter>Source Files</Filter>
    </ClInclude>
    <ClInclude Include="..\linuxVersion\triangle.hpp">
      <Filter>Source Files</Filter>
    </ClInclude>
    <ClInclude Include="..\ImgWriter\ImgWriter.hpp">
      <Filter>Source Files</Filter>
    </ClInclude>
  </ItemGroup>
  <ItemGroup>
    <ClCompile Include="..\linuxVersion\main.cpp">
      <Filter>Source Files</Filter>
    </ClCompile>
    <ClCompile Include="..\linuxVersion\areaLight.cpp">
      <Filter>Source Files</Filter>
    </ClCompile>
    <ClCompile Include="..\linuxVersion\blockManager.cpp">
      <Filter>Source Files</Filter>
    </ClCompile>
    <ClCompile Include="..\linuxVersion\CApp.cpp">
      <Filter>Source Files</Filter>
    </ClCompile>
    <ClCompile Include="..\linuxVersion\light.cpp">
      <Filter>Source Files</Filter>
    </ClCompile>
    <ClCompile Include="..\linuxVersion\pathTracerSplitted.cpp">
      <Filter>Source Files</Filter>
    </ClCompile>
    <ClCompile Include="..\linuxVersion\persp.cpp">
      <Filter>Source Files</Filter>
    </ClCompile>
    <ClCompile Include="..\linuxVersion\plane.cpp">
      <Filter>Source Files</Filter>
    </ClCompile>
    <ClCompile Include="..\linuxVersion\shape.cpp">
      <Filter>Source Files</Filter>
    </ClCompile>
    <ClCompile Include="..\linuxVersion\sphere.cpp">
      <Filter>Source Files</Filter>
    </ClCompile>
    <ClCompile Include="..\linuxVersion\sphereLight.cpp">
      <Filter>Source Files</Filter>
    </ClCompile>
    <ClCompile Include="..\linuxVersion\triangle.cpp">
      <Filter>Source Files</Filter>
    </ClCompile>
    <ClCompile Include="..\linuxVersion\worker.cpp">
      <Filter>Source Files</Filter>
    </ClCompile>
    <ClCompile Include="..\ImgWriter\ImgWriter.cpp">
      <Filter>Source Files</Filter>
    </ClCompile>
  </ItemGroup>
</Project>